
Microsoft Visual Studio Solution File, Format Version 12.00
# Visual Studio Version 17
VisualStudioVersion = 17.5.002.0
MinimumVisualStudioVersion = 10.0.40219.1
Project("{9A19103F-16F7-4668-BE54-9A1E7A4F7556}") = "Backend", "Backend.csproj", "{A59723EB-B5AE-433D-8D46-060A40BA3ADE}"
EndProject
Global
	GlobalSection(SolutionConfigurationPlatforms) = preSolution
		Debug|Any CPU = Debug|Any CPU
		Release|Any CPU = Release|Any CPU
	EndGlobalSection
	GlobalSection(ProjectConfigurationPlatforms) = postSolution
		{A59723EB-B5AE-433D-8D46-060A40BA3ADE}.Debug|Any CPU.ActiveCfg = Debug|Any CPU
		{A59723EB-B5AE-433D-8D46-060A40BA3ADE}.Debug|Any CPU.Build.0 = Debug|Any CPU
		{A59723EB-B5AE-433D-8D46-060A40BA3ADE}.Release|Any CPU.ActiveCfg = Release|Any CPU
		{A59723EB-B5AE-433D-8D46-060A40BA3ADE}.Release|Any CPU.Build.0 = Release|Any CPU
	EndGlobalSection
	GlobalSection(SolutionProperties) = preSolution
		HideSolutionNode = FALSE
	EndGlobalSection
	GlobalSection(ExtensibilityGlobals) = postSolution
		SolutionGuid = {3EF3D7E9-1C9A-45BA-8716-D5C3713C9ECF}
	EndGlobalSection
EndGlobal
